{
  "name": "test-clickhouse-insert",
  "version": "1.0.0",
  "lockfileVersion": 3,
  "requires": true,
  "packages": {
    "": {
      "name": "test-clickhouse-insert",
      "version": "1.0.0",
      "license": "ISC",
      "dependencies": {
        "@clickhouse/client": "0.2.7",
        "@faker-js/faker": "8.3.1",
        "@types/luxon": "3.3.7",
        "luxon": "3.4.4"
      }
    },
    "node_modules/@clickhouse/client": {
      "version": "0.2.7",
      "resolved": "https://registry.npmjs.org/@clickhouse/client/-/client-0.2.7.tgz",
      "integrity": "sha512-ZiyarrGngHc+f5AjZSA7mkQfvnE/71jgXk304B0ps8V+aBpE2CsFB6AQmE/Mk2YkP5j+8r/JfG+m0AZWmE27ig==",
      "dependencies": {
        "@clickhouse/client-common": "0.2.7"
      },
      "engines": {
        "node": ">=16"
      }
    },
    "node_modules/@clickhouse/client-common": {
      "version": "0.2.7",
      "resolved": "https://registry.npmjs.org/@clickhouse/client-common/-/client-common-0.2.7.tgz",
      "integrity": "sha512-vgZm+8c5Cu1toIx1/xplF5dEHlCPw+7pJDOOEtLv2CIUVZ0Bl6nGVZ43EWxRdHeah9ivTfoRWhN1zI1PxjH0xQ=="
    },
    "node_modules/@faker-js/faker": {
      "version": "8.3.1",
      "resolved": "https://registry.npmjs.org/@faker-js/faker/-/faker-8.3.1.tgz",
      "integrity": "sha512-FdgpFxY6V6rLZE9mmIBb9hM0xpfvQOSNOLnzolzKwsE1DH+gC7lEKV1p1IbR0lAYyvYd5a4u3qWJzowUkw1bIw==",
      "funding": [
        {
          "type": "opencollective",
          "url": "https://opencollective.com/fakerjs"
        }
      ],
      "engines": {
        "node": "^14.17.0 || ^16.13.0 || >=18.0.0",
        "npm": ">=6.14.13"
      }
    },
    "node_modules/@types/luxon": {
      "version": "3.3.7",
      "resolved": "https://registry.npmjs.org/@types/luxon/-/luxon-3.3.7.tgz",
      "integrity": "sha512-gKc9P2d4g5uYwmy4s/MO/yOVPmvHyvzka1YH6i5dM03UrFofHSmgc0D0ymbDRStFWHusk6cwwF6nhLm/ckBbbQ=="
    },
    "node_modules/luxon": {
      "version": "3.4.4",
      "resolved": "https://registry.npmjs.org/luxon/-/luxon-3.4.4.tgz",
      "integrity": "sha512-zobTr7akeGHnv7eBOXcRgMeCP6+uyYsczwmeRCauvpvaAltgNyTbLH/+VaEAPUeWBT+1GuNmz4wC/6jtQzbbVA==",
      "engines": {
        "node": ">=12"
      }
    }
  }
}
